{
  "version": 4,
  "terraform_version": "1.15.8",
  "serial": 173,
  "lineage": "3ee879b3-173e-3b84-d9c8-f86086849be8",
  "outputs": {},
  "resources": [
    {
      "mode": "managed",
      "type": "azurerm_resource_group",
      "name": "rg",
      "provider": "provider[\"registry.terraform.io/hashicorp/azurerm\"]",
      "instances": [
        {
          "schema_version": 0,
          "attributes": {
            "id": "/subscriptions/e131234d-93db-4399-a2c8-ce23c8a45a6e/resourceGroups/rg-secure-aks",
            "location": "uaenorth",
            "managed_by": "",
            "name": "rg-secure-aks",
            "tags": {
              "Environment": "dev",
              "ManagedBy": "Terraform",
              "Owner": "DevOps",
              "Project": "secureaks"
            },
            "timeouts": null
          },
          "sensitive_attributes": [],
          "identity_schema_version": 0,
          "identity": {
            "name": "rg-secure-aks",
            "subscription_id": "e131234d-93db-4399-a2c8-ce23c8a45a6e"
          },
          "private": "eyJlMmJmYjczMC1lY2FhLTExZTYtOGY4OC0zNDM2M2JjN2M0YzAiOnsiY3JlYXRlIjo1NDAwMDAwMDAwMDAwLCJkZWxldGUiOjU0MDAwMDAwMDAwMDAsInJlYWQiOjMwMDAwMDAwMDAwMCwidXBkYXRlIjo1NDAwMDAwMDAwMDAwfX0="
        }
      ]
    }
  ],
  "check_results": null
}
